
Microsoft Visual Studio Solution File, Format Version 12.00
# Visual Studio 15
VisualStudioVersion = 15.0.28307.421
MinimumVisualStudioVersion = 10.0.40219.1
Project("{FAE04EC0-301F-11D3-BF4B-00C04F79EFBC}") = "Bedrock_CSharp", "Bedrock_CSharp\Bedrock_CSharp.csproj", "{B8488322-15C6-4E33-BB50-3FE735D45B54}"
EndProject
Global
	GlobalSection(SolutionConfigurationPlatforms) = preSolution
		Debug|Any CPU = Debug|Any CPU
		Release|Any CPU = Release|Any CPU
	EndGlobalSection
	GlobalSection(ProjectConfigurationPlatforms) = postSolution
		{B8488322-15C6-4E33-BB50-3FE735D45B54}.Debug|Any CPU.ActiveCfg = Debug|Any CPU
		{B8488322-15C6-4E33-BB50-3FE735D45B54}.Debug|Any CPU.Build.0 = Debug|Any CPU
		{B8488322-15C6-4E33-BB50-3FE735D45B54}.Release|Any CPU.ActiveCfg = Release|Any CPU
		{B8488322-15C6-4E33-BB50-3FE735D45B54}.Release|Any CPU.Build.0 = Release|Any CPU
	EndGlobalSection
	GlobalSection(SolutionProperties) = preSolution
		HideSolutionNode = FALSE
	EndGlobalSection
	GlobalSection(ExtensibilityGlobals) = postSolution
		SolutionGuid = {CD990580-B393-4453-8005-8D3D5C7461FE}
	EndGlobalSection
EndGlobal
